
Microsoft Visual Studio Solution File, Format Version 12.00
# Visual Studio Version 17
VisualStudioVersion = 17.6.33815.320
MinimumVisualStudioVersion = 10.0.40219.1
Project("{FAE04EC0-301F-11D3-BF4B-00C04F79EFBC}") = "IterativeStatements", "IterativeStatements\IterativeStatements.csproj", "{8989E968-DB19-4673-BE33-9918DADDEAEB}"
EndProject
Global
	GlobalSection(SolutionConfigurationPlatforms) = preSolution
		Debug|Any CPU = Debug|Any CPU
		Release|Any CPU = Release|Any CPU
	EndGlobalSection
	GlobalSection(ProjectConfigurationPlatforms) = postSolution
		{8989E968-DB19-4673-BE33-9918DADDEAEB}.Debug|Any CPU.ActiveCfg = Debug|Any CPU
		{8989E968-DB19-4673-BE33-9918DADDEAEB}.Debug|Any CPU.Build.0 = Debug|Any CPU
		{8989E968-DB19-4673-BE33-9918DADDEAEB}.Release|Any CPU.ActiveCfg = Release|Any CPU
		{8989E968-DB19-4673-BE33-9918DADDEAEB}.Release|Any CPU.Build.0 = Release|Any CPU
	EndGlobalSection
	GlobalSection(SolutionProperties) = preSolution
		HideSolutionNode = FALSE
	EndGlobalSection
	GlobalSection(ExtensibilityGlobals) = postSolution
		SolutionGuid = {EA80700A-7905-4623-943D-D0A0B8358D65}
	EndGlobalSection
EndGlobal
